
Microsoft Visual Studio Solution File, Format Version 12.00
# Visual Studio Version 16
VisualStudioVersion = 16.0.29920.165
MinimumVisualStudioVersion = 10.0.40219.1
Project("{888888A0-9F3D-457C-B088-3A5042F75D52}") = "FlaskWebProject1", "FlaskWebProject1\FlaskWebProject1.pyproj", "{79D630BA-6336-4FE7-B9FA-894C5699B9BF}"
EndProject
Global
	GlobalSection(SolutionConfigurationPlatforms) = preSolution
		Debug|Any CPU = Debug|Any CPU
		Release|Any CPU = Release|Any CPU
	EndGlobalSection
	GlobalSection(ProjectConfigurationPlatforms) = postSolution
		{79D630BA-6336-4FE7-B9FA-894C5699B9BF}.Debug|Any CPU.ActiveCfg = Debug|Any CPU
		{79D630BA-6336-4FE7-B9FA-894C5699B9BF}.Debug|Any CPU.Build.0 = Debug|Any CPU
		{79D630BA-6336-4FE7-B9FA-894C5699B9BF}.Release|Any CPU.ActiveCfg = Release|Any CPU
		{79D630BA-6336-4FE7-B9FA-894C5699B9BF}.Release|Any CPU.Build.0 = Release|Any CPU
	EndGlobalSection
	GlobalSection(SolutionProperties) = preSolution
		HideSolutionNode = FALSE
	EndGlobalSection
	GlobalSection(ExtensibilityGlobals) = postSolution
		SolutionGuid = {1D56D1B0-7D08-4032-8884-45E5509C3D53}
	EndGlobalSection
EndGlobal
